{
    "name": "my-custom-javascript-action",
    "lockfileVersion": 3,
    "requires": true,
    "packages": {
        "": {
            "dependencies": {
                "@vercel/ncc": "^0.38.1",
                "aws-sdk": "2.3.0"
            }
        },
        "node_modules/@vercel/ncc": {
            "version": "0.38.1",
            "resolved": "https://registry.npmjs.org/@vercel/ncc/-/ncc-0.38.1.tgz",
            "integrity": "sha512-IBBb+iI2NLu4VQn3Vwldyi2QwaXt5+hTyh58ggAMoCGE6DJmPvwL3KPBWcJl1m9LYPChBLE980Jw+CS4Wokqxw==",
            "bin": {
                "ncc": "dist/ncc/cli.js"
            }
        },
        "node_modules/aws-sdk": {
            "version": "2.3.0",
            "resolved": "https://registry.npmjs.org/aws-sdk/-/aws-sdk-2.3.0.tgz",
            "integrity": "sha512-uPyGhUbFa+yAexgc3Trik80UtKebDA6THGuEopYKSoBx2OQIXxYNakrjesJ/5YmQBPlyIKrOsatxpRPX4M14/Q==",
            "dependencies": {
                "jmespath": "0.15.0",
                "sax": "1.1.5",
                "xml2js": "0.4.15",
                "xmlbuilder": "2.6.2"
            },
            "engines": {
                "node": ">= 0.8.0"
            }
        },
        "node_modules/jmespath": {
            "version": "0.15.0",
            "resolved": "https://registry.npmjs.org/jmespath/-/jmespath-0.15.0.tgz",
            "integrity": "sha512-+kHj8HXArPfpPEKGLZ+kB5ONRTCiGQXo8RQYL0hH8t6pWXUBBK5KkkQmTNOwKK4LEsd0yTsgtjJVm4UBSZea4w==",
            "engines": {
                "node": ">= 0.6.0"
            }
        },
        "node_modules/lodash": {
            "version": "3.5.0",
            "resolved": "https://registry.npmjs.org/lodash/-/lodash-3.5.0.tgz",
            "integrity": "sha512-eC2gi6pEoXXAWKz1fKvWnA0wOdBPsvTVFT71szjM6dFoDE9llinK81xW4EH4QxF+wNZoVeLIxUp21BDPniMn4g=="
        },
        "node_modules/sax": {
            "version": "1.1.5",
            "resolved": "https://registry.npmjs.org/sax/-/sax-1.1.5.tgz",
            "integrity": "sha512-z19WXQiOz8RBu3zDpOE9541RgB7Q5NecZ7SAgU3yUvqhMNvG4hTChbrutzpDyDSHmeHouR5Rqk4eup1o6C6dxQ=="
        },
        "node_modules/xml2js": {
            "version": "0.4.15",
            "resolved": "https://registry.npmjs.org/xml2js/-/xml2js-0.4.15.tgz",
            "integrity": "sha512-7kiknY222Be8HfanusoisInC58cAnxE0W0u+5NrSF9piZh4RQDHfDzbRiOWjqY5CiHybCjlxI24mmjLOuZ4/rQ==",
            "dependencies": {
                "sax": ">=0.6.0",
                "xmlbuilder": ">=2.4.6"
            }
        },
        "node_modules/xmlbuilder": {
            "version": "2.6.2",
            "resolved": "https://registry.npmjs.org/xmlbuilder/-/xmlbuilder-2.6.2.tgz",
            "integrity": "sha512-wJQzq0KF5ZlHUR2LfkTldfT91recShIEBu1rWv3buMlZ7lfyJa8XreOuNjxRrnxdkqETPq+uF7RgDcXgY50T4w==",
            "dependencies": {
                "lodash": "~3.5.0"
            },
            "engines": {
                "node": ">=0.8.0"
            }
        }
    }
}
